
Microsoft Visual Studio Solution File, Format Version 12.00
# Visual Studio Version 17
VisualStudioVersion = 17.7.34031.279
MinimumVisualStudioVersion = 10.0.40219.1
Project("{FAE04EC0-301F-11D3-BF4B-00C04F79EFBC}") = "ScreenSoundOO", "ScreenSoundOO\ScreenSoundOO.csproj", "{59EDEC3C-AFA0-4E7E-9E9E-34E4EB89A68D}"
EndProject
Global
	GlobalSection(SolutionConfigurationPlatforms) = preSolution
		Debug|Any CPU = Debug|Any CPU
		Release|Any CPU = Release|Any CPU
	EndGlobalSection
	GlobalSection(ProjectConfigurationPlatforms) = postSolution
		{59EDEC3C-AFA0-4E7E-9E9E-34E4EB89A68D}.Debug|Any CPU.ActiveCfg = Debug|Any CPU
		{59EDEC3C-AFA0-4E7E-9E9E-34E4EB89A68D}.Debug|Any CPU.Build.0 = Debug|Any CPU
		{59EDEC3C-AFA0-4E7E-9E9E-34E4EB89A68D}.Release|Any CPU.ActiveCfg = Release|Any CPU
		{59EDEC3C-AFA0-4E7E-9E9E-34E4EB89A68D}.Release|Any CPU.Build.0 = Release|Any CPU
	EndGlobalSection
	GlobalSection(SolutionProperties) = preSolution
		HideSolutionNode = FALSE
	EndGlobalSection
	GlobalSection(ExtensibilityGlobals) = postSolution
		SolutionGuid = {32C9A3D6-2DF3-488D-ABA5-1F3ECFA2DEF3}
	EndGlobalSection
EndGlobal
